
Microsoft Visual Studio Solution File, Format Version 12.00
# Visual Studio Version 17
VisualStudioVersion = 17.7.34202.233
MinimumVisualStudioVersion = 10.0.40219.1
Project("{FAE04EC0-301F-11D3-BF4B-00C04F79EFBC}") = "stalcraft_observer", "stalcraft_observer.csproj", "{367287AF-4ECC-4395-8CEA-9D72D06A2FED}"
EndProject
Global
	GlobalSection(SolutionConfigurationPlatforms) = preSolution
		Debug|Any CPU = Debug|Any CPU
		Release|Any CPU = Release|Any CPU
	EndGlobalSection
	GlobalSection(ProjectConfigurationPlatforms) = postSolution
		{367287AF-4ECC-4395-8CEA-9D72D06A2FED}.Debug|Any CPU.ActiveCfg = Debug|Any CPU
		{367287AF-4ECC-4395-8CEA-9D72D06A2FED}.Debug|Any CPU.Build.0 = Debug|Any CPU
		{367287AF-4ECC-4395-8CEA-9D72D06A2FED}.Release|Any CPU.ActiveCfg = Release|Any CPU
		{367287AF-4ECC-4395-8CEA-9D72D06A2FED}.Release|Any CPU.Build.0 = Release|Any CPU
	EndGlobalSection
	GlobalSection(SolutionProperties) = preSolution
		HideSolutionNode = FALSE
	EndGlobalSection
	GlobalSection(ExtensibilityGlobals) = postSolution
		SolutionGuid = {547546E6-9ED8-4F0C-B6AD-F7B95FEC8DC3}
	EndGlobalSection
EndGlobal
